{
  "version": 4,
  "terraform_version": "1.1.2",
  "serial": 9,
  "lineage": "093cfe80-65ef-d20d-d6a8-9d1dab601e7b",
  "outputs": {
    "stackbill_security_group_list": {
      "value": [
        {
          "description": "Test Security Group",
          "is_active": true,
          "name": "Test Security Group",
          "security_group_egress_rule": [
            {
              "cidr_list": "",
              "end_port": "3434",
              "icmp_code": "",
              "icmp_type": "",
              "id": 13,
              "is_active": true,
              "protocol": "tcp",
              "security_group_uuid": "a860fad9-d1d2-4394-883d-07d8a209a78b",
              "start_port": "2323"
            }
          ],
          "security_group_firewall_rule": [],
          "security_group_port_forwarding": [],
          "status": "ENABLED",
          "uuid": "a860fad9-d1d2-4394-883d-07d8a209a78b"
        },
        {
          "description": "",
          "is_active": true,
          "name": "Mat-Public",
          "security_group_egress_rule": [
            {
              "cidr_list": "",
              "end_port": "80",
              "icmp_code": "",
              "icmp_type": "",
              "id": 53,
              "is_active": true,
              "protocol": "tcp",
              "security_group_uuid": "c0bb95be-25e5-4ec1-b0e6-79b5fbfb527f",
              "start_port": "80"
            },
            {
              "cidr_list": "",
              "end_port": "99",
              "icmp_code": "",
              "icmp_type": "",
              "id": 74,
              "is_active": true,
              "protocol": "tcp",
              "security_group_uuid": "c0bb95be-25e5-4ec1-b0e6-79b5fbfb527f",
              "start_port": "99"
            }
          ],
          "security_group_firewall_rule": [
            {
              "cidr_list": "0.0.0.0/0",
              "end_port": "80",
              "icmp_code": "",
              "icmp_type": "",
              "id": 36,
              "is_active": true,
              "protocol": "tcp",
              "security_group_uuid": "c0bb95be-25e5-4ec1-b0e6-79b5fbfb527f",
              "start_port": "80"
            }
          ],
          "security_group_port_forwarding": [
            {
              "id": 32,
              "is_active": true,
              "private_end_port": "80",
              "private_start_port": "80",
              "protocol_type": "tcp",
              "public_end_port": "80",
              "public_start_port": "80",
              "security_group_uuuid": "c0bb95be-25e5-4ec1-b0e6-79b5fbfb527f"
            }
          ],
          "status": "ENABLED",
          "uuid": "c0bb95be-25e5-4ec1-b0e6-79b5fbfb527f"
        }
      ],
      "type": [
        "list",
        [
          "object",
          {
            "description": "string",
            "is_active": "bool",
            "name": "string",
            "security_group_egress_rule": [
              "list",
              [
                "object",
                {
                  "cidr_list": "string",
                  "end_port": "string",
                  "icmp_code": "string",
                  "icmp_type": "string",
                  "id": "number",
                  "is_active": "bool",
                  "protocol": "string",
                  "security_group_uuid": "string",
                  "start_port": "string"
                }
              ]
            ],
            "security_group_firewall_rule": [
              "list",
              [
                "object",
                {
                  "cidr_list": "string",
                  "end_port": "string",
                  "icmp_code": "string",
                  "icmp_type": "string",
                  "id": "number",
                  "is_active": "bool",
                  "protocol": "string",
                  "security_group_uuid": "string",
                  "start_port": "string"
                }
              ]
            ],
            "security_group_port_forwarding": [
              "list",
              [
                "object",
                {
                  "id": "number",
                  "is_active": "bool",
                  "private_end_port": "string",
                  "private_start_port": "string",
                  "protocol_type": "string",
                  "public_end_port": "string",
                  "public_start_port": "string",
                  "security_group_uuuid": "string"
                }
              ]
            ],
            "status": "string",
            "uuid": "string"
          }
        ]
      ]
    }
  },
  "resources": [
    {
      "mode": "data",
      "type": "stackbill_security_group_list",
      "name": "all",
      "provider": "provider[\"stackbill.com/assistanz/stackbill\"]",
      "instances": [
        {
          "schema_version": 0,
          "attributes": {
            "id": "1644405135",
            "length": 2,
            "securitygroups": [
              {
                "description": "Test Security Group",
                "is_active": true,
                "name": "Test Security Group",
                "security_group_egress_rule": [
                  {
                    "cidr_list": "",
                    "end_port": "3434",
                    "icmp_code": "",
                    "icmp_type": "",
                    "id": 13,
                    "is_active": true,
                    "protocol": "tcp",
                    "security_group_uuid": "a860fad9-d1d2-4394-883d-07d8a209a78b",
                    "start_port": "2323"
                  }
                ],
                "security_group_firewall_rule": [],
                "security_group_port_forwarding": [],
                "status": "ENABLED",
                "uuid": "a860fad9-d1d2-4394-883d-07d8a209a78b"
              },
              {
                "description": "",
                "is_active": true,
                "name": "Mat-Public",
                "security_group_egress_rule": [
                  {
                    "cidr_list": "",
                    "end_port": "80",
                    "icmp_code": "",
                    "icmp_type": "",
                    "id": 53,
                    "is_active": true,
                    "protocol": "tcp",
                    "security_group_uuid": "c0bb95be-25e5-4ec1-b0e6-79b5fbfb527f",
                    "start_port": "80"
                  },
                  {
                    "cidr_list": "",
                    "end_port": "99",
                    "icmp_code": "",
                    "icmp_type": "",
                    "id": 74,
                    "is_active": true,
                    "protocol": "tcp",
                    "security_group_uuid": "c0bb95be-25e5-4ec1-b0e6-79b5fbfb527f",
                    "start_port": "99"
                  }
                ],
                "security_group_firewall_rule": [
                  {
                    "cidr_list": "0.0.0.0/0",
                    "end_port": "80",
                    "icmp_code": "",
                    "icmp_type": "",
                    "id": 36,
                    "is_active": true,
                    "protocol": "tcp",
                    "security_group_uuid": "c0bb95be-25e5-4ec1-b0e6-79b5fbfb527f",
                    "start_port": "80"
                  }
                ],
                "security_group_port_forwarding": [
                  {
                    "id": 32,
                    "is_active": true,
                    "private_end_port": "80",
                    "private_start_port": "80",
                    "protocol_type": "tcp",
                    "public_end_port": "80",
                    "public_start_port": "80",
                    "security_group_uuuid": "c0bb95be-25e5-4ec1-b0e6-79b5fbfb527f"
                  }
                ],
                "status": "ENABLED",
                "uuid": "c0bb95be-25e5-4ec1-b0e6-79b5fbfb527f"
              }
            ],
            "uuid": null
          },
          "sensitive_attributes": []
        }
      ]
    },
    {
      "mode": "managed",
      "type": "stackbill_instance_resize",
      "name": "resize",
      "provider": "provider[\"stackbill.com/assistanz/stackbill\"]",
      "instances": [
        {
          "schema_version": 0,
          "attributes": {
            "compute_offering_uuid": "c674ac49-32cd-4aae-96f8-25458bded6ad",
            "cpu_core": "4",
            "id": "c7e8ba23-0c79-47ab-9fd3-5158ba275c64",
            "memory": "512",
            "uuid": "c7e8ba23-0c79-47ab-9fd3-5158ba275c64"
          },
          "sensitive_attributes": [],
          "private": "bnVsbA=="
        }
      ]
    },
    {
      "mode": "managed",
      "type": "stackbill_network",
      "name": "TerraformNetwork",
      "provider": "provider[\"stackbill.com/assistanz/stackbill\"]",
      "instances": [
        {
          "schema_version": 0,
          "attributes": {
            "description": "network created to test terraform",
            "id": "3d33d968-3e81-4da9-953a-a0c013b0e5ac",
            "is_public": true,
            "name": "TerraformNetwork",
            "network_offering_uuid": "19c28a5d-0237-450d-b47a-dbddc67aa0df",
            "security_group_id": null,
            "virtual_machine_uuid": null,
            "zone_uuid": "74b12720-73ce-49b6-857f-48cdac6dcd3f"
          },
          "sensitive_attributes": [],
          "private": "bnVsbA=="
        }
      ]
    },
    {
      "mode": "managed",
      "type": "stackbill_volume",
      "name": "newvolume",
      "provider": "provider[\"stackbill.com/assistanz/stackbill\"]",
      "instances": [
        {
          "schema_version": 0,
          "attributes": {
            "disk_size": 1024,
            "id": "94a9f590-ed57-4285-a03a-a0456ee135fb",
            "name": "ExtraVolumeForTerrformVM",
            "storage_offering_uuid": "728e9c82-506d-4afb-a26f-3f74688e0740",
            "zone_uuid": "74b12720-73ce-49b6-857f-48cdac6dcd3f"
          },
          "sensitive_attributes": [],
          "private": "bnVsbA=="
        }
      ]
    }
  ]
}
