{
  "version": 4,
  "terraform_version": "1.1.2",
  "serial": 5,
  "lineage": "90591fb1-72d1-30e0-147c-8a9cc140cbb0",
  "outputs": {},
  "resources": [
    {
      "mode": "managed",
      "type": "stackbill_network",
      "name": "my-server",
      "provider": "provider[\"stackbill.com/assistanz/stackbill\"]",
      "instances": [
        {
          "schema_version": 0,
          "attributes": {
            "description": "terraform test",
            "id": "af0b2e33-7297-4964-9051-79427ff55ab9",
            "is_public": true,
            "name": "terraform volume teo",
            "network_offering_uuid": "19c28a5d-0237-450d-b47a-dbddc67aa0df",
            "security_group_id": null,
            "virtual_machine_uuid": "4d9150e6-64b5-451a-8851-0a4ea5142242",
            "zone_uuid": "74b12720-73ce-49b6-857f-48cdac6dcd3f"
          },
          "sensitive_attributes": [],
          "private": "bnVsbA=="
        }
      ]
    }
  ]
}
