{
  "version": 4,
  "terraform_version": "1.1.2",
  "serial": 39,
  "lineage": "2d1eaa63-4ab7-f40c-86b4-faa1073d17ed",
  "outputs": {
    "stackbill_security_group_list": {
      "value": [
        {
          "description": "Test Security Group",
          "is_active": true,
          "name": "Test Security Group",
          "security_group_egress_rule": [
            {
              "cidr_list": "",
              "end_port": "3434",
              "icmp_code": "",
              "icmp_type": "",
              "id": 13,
              "is_active": true,
              "protocol": "tcp",
              "security_group_uuid": "a860fad9-d1d2-4394-883d-07d8a209a78b",
              "start_port": "2323"
            }
          ],
          "security_group_firewall_rule": [],
          "security_group_port_forwarding": [],
          "status": "ENABLED",
          "uuid": "a860fad9-d1d2-4394-883d-07d8a209a78b"
        },
        {
          "description": "",
          "is_active": true,
          "name": "Mat-Public",
          "security_group_egress_rule": [
            {
              "cidr_list": "",
              "end_port": "80",
              "icmp_code": "",
              "icmp_type": "",
              "id": 53,
              "is_active": true,
              "protocol": "tcp",
              "security_group_uuid": "c0bb95be-25e5-4ec1-b0e6-79b5fbfb527f",
              "start_port": "80"
            },
            {
              "cidr_list": "",
              "end_port": "99",
              "icmp_code": "",
              "icmp_type": "",
              "id": 74,
              "is_active": true,
              "protocol": "tcp",
              "security_group_uuid": "c0bb95be-25e5-4ec1-b0e6-79b5fbfb527f",
              "start_port": "99"
            }
          ],
          "security_group_firewall_rule": [
            {
              "cidr_list": "0.0.0.0/0",
              "end_port": "80",
              "icmp_code": "",
              "icmp_type": "",
              "id": 36,
              "is_active": true,
              "protocol": "tcp",
              "security_group_uuid": "c0bb95be-25e5-4ec1-b0e6-79b5fbfb527f",
              "start_port": "80"
            }
          ],
          "security_group_port_forwarding": [
            {
              "id": 32,
              "is_active": true,
              "private_end_port": "80",
              "private_start_port": "80",
              "protocol_type": "tcp",
              "public_end_port": "80",
              "public_start_port": "80",
              "security_group_uuuid": "c0bb95be-25e5-4ec1-b0e6-79b5fbfb527f"
            }
          ],
          "status": "ENABLED",
          "uuid": "c0bb95be-25e5-4ec1-b0e6-79b5fbfb527f"
        }
      ],
      "type": [
        "list",
        [
          "object",
          {
            "description": "string",
            "is_active": "bool",
            "name": "string",
            "security_group_egress_rule": [
              "list",
              [
                "object",
                {
                  "cidr_list": "string",
                  "end_port": "string",
                  "icmp_code": "string",
                  "icmp_type": "string",
                  "id": "number",
                  "is_active": "bool",
                  "protocol": "string",
                  "security_group_uuid": "string",
                  "start_port": "string"
                }
              ]
            ],
            "security_group_firewall_rule": [
              "list",
              [
                "object",
                {
                  "cidr_list": "string",
                  "end_port": "string",
                  "icmp_code": "string",
                  "icmp_type": "string",
                  "id": "number",
                  "is_active": "bool",
                  "protocol": "string",
                  "security_group_uuid": "string",
                  "start_port": "string"
                }
              ]
            ],
            "security_group_port_forwarding": [
              "list",
              [
                "object",
                {
                  "id": "number",
                  "is_active": "bool",
                  "private_end_port": "string",
                  "private_start_port": "string",
                  "protocol_type": "string",
                  "public_end_port": "string",
                  "public_start_port": "string",
                  "security_group_uuuid": "string"
                }
              ]
            ],
            "status": "string",
            "uuid": "string"
          }
        ]
      ]
    }
  },
  "resources": [
    {
      "mode": "data",
      "type": "stackbill_security_group_list",
      "name": "all",
      "provider": "provider[\"stackbill.com/assistanz/stackbill\"]",
      "instances": [
        {
          "schema_version": 0,
          "attributes": {
            "id": "1644834343",
            "length": 2,
            "securitygroups": [
              {
                "description": "Test Security Group",
                "is_active": true,
                "name": "Test Security Group",
                "security_group_egress_rule": [
                  {
                    "cidr_list": "",
                    "end_port": "3434",
                    "icmp_code": "",
                    "icmp_type": "",
                    "id": 13,
                    "is_active": true,
                    "protocol": "tcp",
                    "security_group_uuid": "a860fad9-d1d2-4394-883d-07d8a209a78b",
                    "start_port": "2323"
                  }
                ],
                "security_group_firewall_rule": [],
                "security_group_port_forwarding": [],
                "status": "ENABLED",
                "uuid": "a860fad9-d1d2-4394-883d-07d8a209a78b"
              },
              {
                "description": "",
                "is_active": true,
                "name": "Mat-Public",
                "security_group_egress_rule": [
                  {
                    "cidr_list": "",
                    "end_port": "80",
                    "icmp_code": "",
                    "icmp_type": "",
                    "id": 53,
                    "is_active": true,
                    "protocol": "tcp",
                    "security_group_uuid": "c0bb95be-25e5-4ec1-b0e6-79b5fbfb527f",
                    "start_port": "80"
                  },
                  {
                    "cidr_list": "",
                    "end_port": "99",
                    "icmp_code": "",
                    "icmp_type": "",
                    "id": 74,
                    "is_active": true,
                    "protocol": "tcp",
                    "security_group_uuid": "c0bb95be-25e5-4ec1-b0e6-79b5fbfb527f",
                    "start_port": "99"
                  }
                ],
                "security_group_firewall_rule": [
                  {
                    "cidr_list": "0.0.0.0/0",
                    "end_port": "80",
                    "icmp_code": "",
                    "icmp_type": "",
                    "id": 36,
                    "is_active": true,
                    "protocol": "tcp",
                    "security_group_uuid": "c0bb95be-25e5-4ec1-b0e6-79b5fbfb527f",
                    "start_port": "80"
                  }
                ],
                "security_group_port_forwarding": [
                  {
                    "id": 32,
                    "is_active": true,
                    "private_end_port": "80",
                    "private_start_port": "80",
                    "protocol_type": "tcp",
                    "public_end_port": "80",
                    "public_start_port": "80",
                    "security_group_uuuid": "c0bb95be-25e5-4ec1-b0e6-79b5fbfb527f"
                  }
                ],
                "status": "ENABLED",
                "uuid": "c0bb95be-25e5-4ec1-b0e6-79b5fbfb527f"
              }
            ],
            "uuid": null
          },
          "sensitive_attributes": []
        }
      ]
    },
    {
      "mode": "managed",
      "type": "stackbill_instance_resize",
      "name": "resize",
      "provider": "provider[\"stackbill.com/assistanz/stackbill\"]",
      "instances": [
        {
          "schema_version": 0,
          "attributes": {
            "compute_offering_uuid": "597b163b-18f0-40b1-82c0-e499bff5a2d5",
            "cpu_core": "1",
            "id": "a17659f2-37b2-4973-ab52-f1ece7c846bb",
            "memory": "1024",
            "uuid": "a17659f2-37b2-4973-ab52-f1ece7c846bb"
          },
          "sensitive_attributes": [],
          "private": "bnVsbA=="
        }
      ]
    },
    {
      "mode": "managed",
      "type": "stackbill_instance_update_name",
      "name": "update_name",
      "provider": "provider[\"stackbill.com/assistanz/stackbill\"]",
      "instances": [
        {
          "schema_version": 0,
          "attributes": {
            "id": "a17659f2-37b2-4973-ab52-f1ece7c846bb",
            "name": "pra-vm3",
            "uuid": "a17659f2-37b2-4973-ab52-f1ece7c846bb"
          },
          "sensitive_attributes": [],
          "private": "bnVsbA=="
        }
      ]
    },
    {
      "mode": "managed",
      "type": "stackbill_network_actions",
      "name": "attach_network",
      "provider": "provider[\"stackbill.com/assistanz/stackbill\"]",
      "instances": [
        {
          "schema_version": 0,
          "attributes": {
            "action": "Add",
            "id": "49c4843d-9e4e-46ff-a004-518fa34efb2a",
            "network_uuid": "ab8d6f1a-7d6a-4ab6-b564-e625edfb796b",
            "virutal_machine_uuid": "49c4843d-9e4e-46ff-a004-518fa34efb2a"
          },
          "sensitive_attributes": [],
          "private": "bnVsbA=="
        }
      ]
    },
    {
      "mode": "managed",
      "type": "stackbill_volume_actions",
      "name": "my-server",
      "provider": "provider[\"stackbill.com/assistanz/stackbill\"]",
      "instances": [
        {
          "schema_version": 0,
          "attributes": {
            "action": "Detach",
            "id": "aa94580d-c899-4e02-9d9a-b8597b257937",
            "instance_uuid": "a17659f2-37b2-4973-ab52-f1ece7c846bb",
            "uuid": "aa94580d-c899-4e02-9d9a-b8597b257937"
          },
          "sensitive_attributes": [],
          "private": "bnVsbA=="
        }
      ]
    }
  ]
}
