{
  "version": 4,
  "terraform_version": "1.1.2",
  "serial": 12,
  "lineage": "d9c29c08-714c-63de-e94e-dae5a10a4f7f",
  "outputs": {},
  "resources": [
    {
      "mode": "managed",
      "type": "stackbill_instance",
      "name": "my-server",
      "provider": "provider[\"stackbill.com/assistanz/stackbill\"]",
      "instances": [
        {
          "schema_version": 0,
          "attributes": {
            "compute_offering_uuid": "2f7b1b02-078f-42fb-aece-aa21bfa89e1a",
            "cpu_core": "3",
            "disk_size": null,
            "hypervisor_name": "string",
            "id": "d7d17107-7ec9-4224-becc-dc7e09f8d9c9",
            "memory": null,
            "name": "AzTestingVmFour",
            "network_uuid": "0c7cc302-abe5-4687-8351-26aba55b3d0d",
            "security_group_name": null,
            "ssh_key_name": null,
            "storage_offering_uuid": null,
            "template_uuid": "e39172b4-715b-44ac-ada2-7f97f733eecc",
            "zone_uuid": "74b12720-73ce-49b6-857f-48cdac6dcd3f"
          },
          "sensitive_attributes": [],
          "private": "bnVsbA=="
        }
      ]
    },
    {
      "mode": "managed",
      "type": "stackbill_instance_actions",
      "name": "actions",
      "provider": "provider[\"stackbill.com/assistanz/stackbill\"]",
      "instances": [
        {
          "schema_version": 0,
          "attributes": {
            "action": "Stop",
            "id": "d7d17107-7ec9-4224-becc-dc7e09f8d9c9",
            "uuid": "d7d17107-7ec9-4224-becc-dc7e09f8d9c9"
          },
          "sensitive_attributes": [],
          "private": "bnVsbA=="
        }
      ]
    }
  ]
}
